{
  "name": "maposmatic",
  "version": "0.9.1",
  "lockfileVersion": 2,
  "requires": true,
  "packages": {
    "": {
      "name": "maposmatic",
      "version": "0.9.1",
      "license": "GPL-3.0-or-later",
      "dependencies": {
        "@fortawesome/fontawesome-free": "^6.2.1",
        "bootstrap": "^5.2.3",
        "fastsearch": "^1.11.1",
        "fastselect": "^0.7.3",
        "flag-icons": "^6.6.6",
        "jquery": "^3.6.3",
        "leaflet": "^1.9.3",
        "leaflet-easybutton": "^2.4.0",
        "leaflet-gpx": "^1.7.0",
        "leaflet-heatmap": "^1.0.0",
        "leaflet-loading": "^0.1.24",
        "leaflet-providers": "^1.13.0",
        "leaflet-search": "^3.0.5",
        "leaflet.locatecontrol": "^0.66.2",
        "leaflet.locationfilter": "git+https://github.com/marcoqu/leaflet-locationfilter.git",
        "leaflet.restoreview": "git+https://github.com/makinacorpus/Leaflet.RestoreView.git",
        "minimist": "^1.2.7"
      }
    },
    "node_modules/@fortawesome/fontawesome-free": {
      "version": "6.2.1",
      "resolved": "https://registry.npmjs.org/@fortawesome/fontawesome-free/-/fontawesome-free-6.2.1.tgz",
      "integrity": "sha512-viouXhegu/TjkvYQoiRZK3aax69dGXxgEjpvZW81wIJdxm5Fnvp3VVIP4VHKqX4SvFw6qpmkILkD4RJWAdrt7A==",
      "hasInstallScript": true,
      "engines": {
        "node": ">=6"
      }
    },
    "node_modules/@popperjs/core": {
      "version": "2.11.6",
      "resolved": "https://registry.npmjs.org/@popperjs/core/-/core-2.11.6.tgz",
      "integrity": "sha512-50/17A98tWUfQ176raKiOGXuYpLyyVMkxxG6oylzL3BPOlA6ADGdK7EYunSa4I064xerltq9TGXs8HmOk5E+vw==",
      "peer": true,
      "funding": {
        "type": "opencollective",
        "url": "https://opencollective.com/popperjs"
      }
    },
    "node_modules/bootstrap": {
      "version": "5.2.3",
      "resolved": "https://registry.npmjs.org/bootstrap/-/bootstrap-5.2.3.tgz",
      "integrity": "sha512-cEKPM+fwb3cT8NzQZYEu4HilJ3anCrWqh3CHAok1p9jXqMPsPTBhU25fBckEJHJ/p+tTxTFTsFQGM+gaHpi3QQ==",
      "funding": [
        {
          "type": "github",
          "url": "https://github.com/sponsors/twbs"
        },
        {
          "type": "opencollective",
          "url": "https://opencollective.com/bootstrap"
        }
      ],
      "peerDependencies": {
        "@popperjs/core": "^2.11.6"
      }
    },
    "node_modules/fastsearch": {
      "version": "1.11.1",
      "resolved": "https://registry.npmjs.org/fastsearch/-/fastsearch-1.11.1.tgz",
      "integrity": "sha512-NGS3+5JC2dhmUy0c2R8mU+1Wfz8DBYZN7j5GRPy4tjp6T+raDSC6CyWgAa09vTcw0SGDRS9upnmmDh+Q/rH7nA==",
      "dependencies": {
        "jquery": ">=1.7"
      }
    },
    "node_modules/fastselect": {
      "version": "0.7.3",
      "resolved": "https://registry.npmjs.org/fastselect/-/fastselect-0.7.3.tgz",
      "integrity": "sha512-wh3Ueor7IXLoSF/GB98/cydV9cnI8SEt2+5Md+3GFrdaXn9ZJMakrsiYoOu4SKzNtgSXxuEP5cupiQIKK+2Ldw==",
      "dependencies": {
        "fastsearch": "^1.11.1",
        "jquery": ">=1.7"
      }
    },
    "node_modules/flag-icons": {
      "version": "6.6.6",
      "resolved": "https://registry.npmjs.org/flag-icons/-/flag-icons-6.6.6.tgz",
      "integrity": "sha512-4lHDKxldnQ7q617pf9Dx9nAetT+9zcMpUexbRrc9kjLw9KJgZ83zA5Dky3Vv7ZDzUjAiZ46x/cy5P0HnEnqA2A=="
    },
    "node_modules/heatmap.js": {
      "version": "2.0.5",
      "resolved": "https://registry.npmjs.org/heatmap.js/-/heatmap.js-2.0.5.tgz",
      "integrity": "sha512-CG2gYFP5Cv9IQCXEg3ZRxnJDyAilhWnQlAuHYGuWVzv6mFtQelS1bR9iN80IyDmFECbFPbg6I0LR5uAFHgCthw=="
    },
    "node_modules/jquery": {
      "version": "3.6.3",
      "resolved": "https://registry.npmjs.org/jquery/-/jquery-3.6.3.tgz",
      "integrity": "sha512-bZ5Sy3YzKo9Fyc8wH2iIQK4JImJ6R0GWI9kL1/k7Z91ZBNgkRXE6U0JfHIizZbort8ZunhSI3jw9I6253ahKfg=="
    },
    "node_modules/leaflet": {
      "version": "1.9.3",
      "resolved": "https://registry.npmjs.org/leaflet/-/leaflet-1.9.3.tgz",
      "integrity": "sha512-iB2cR9vAkDOu5l3HAay2obcUHZ7xwUBBjph8+PGtmW/2lYhbLizWtG7nTeYht36WfOslixQF9D/uSIzhZgGMfQ=="
    },
    "node_modules/leaflet-easybutton": {
      "version": "2.4.0",
      "resolved": "https://registry.npmjs.org/leaflet-easybutton/-/leaflet-easybutton-2.4.0.tgz",
      "integrity": "sha512-O+qsQq4zTF6ds8VClnytobTH/MKalctlPpiA8L+bNKHP14J3lgJpvEd/jSpq9mHTI6qOzRAvbQX6wS6qNwThvg==",
      "dependencies": {
        "leaflet": "^1.0.1"
      }
    },
    "node_modules/leaflet-gpx": {
      "version": "1.7.0",
      "resolved": "https://registry.npmjs.org/leaflet-gpx/-/leaflet-gpx-1.7.0.tgz",
      "integrity": "sha512-5NS5WKfp5zaAHMB2KM6OUaIng+SZ3e/UHK2++ABl2wELojYlmLqIL8t1Mj6DaZGkIh3kld+mAUvMGdIzC1yGRA=="
    },
    "node_modules/leaflet-heatmap": {
      "version": "1.0.0",
      "resolved": "https://registry.npmjs.org/leaflet-heatmap/-/leaflet-heatmap-1.0.0.tgz",
      "integrity": "sha512-WP/emZYwjWaEnWMcE2dftuJvtjp53zmJcHtVTHUqPN7AQEowHxDTLH5j1BJjE4uL1K5dJclBLX4oLpnOGS/qTw==",
      "dependencies": {
        "heatmap.js": "*",
        "leaflet": "*"
      }
    },
    "node_modules/leaflet-loading": {
      "version": "0.1.24",
      "resolved": "https://registry.npmjs.org/leaflet-loading/-/leaflet-loading-0.1.24.tgz",
      "integrity": "sha512-svOFGs01hbjJpRVY6L6HpaQeLuHIFOmXtGARg3cUzH/lYu2xpRtkYScmDgsQa4vUw4qKS0XvZck0u1E/rRliQQ=="
    },
    "node_modules/leaflet-providers": {
      "version": "1.13.0",
      "resolved": "https://registry.npmjs.org/leaflet-providers/-/leaflet-providers-1.13.0.tgz",
      "integrity": "sha512-f/sN5wdgBbVA2jcCYzScIfYNxKdn2wBJP9bu+5cRX9Xj6g8Bt1G9Sr8WgJAt/ckIFIc3LVVxCBNFpSCfTuUElg=="
    },
    "node_modules/leaflet-search": {
      "version": "3.0.5",
      "resolved": "https://registry.npmjs.org/leaflet-search/-/leaflet-search-3.0.5.tgz",
      "integrity": "sha512-h31vNAm8+1H01o8DoEf5R2CbELaQJEv7KIyoWRr3IjSLHzhwra08WkiRSffJi5XYg1THd62csQ3jJ023lhhxGQ==",
      "dependencies": {
        "leaflet": "*"
      }
    },
    "node_modules/leaflet.locatecontrol": {
      "version": "0.66.2",
      "resolved": "https://registry.npmjs.org/leaflet.locatecontrol/-/leaflet.locatecontrol-0.66.2.tgz",
      "integrity": "sha512-33xCfRydyjLfh9nGvf4kSTM0tA1EFFgM0z4uj75QkUwIc9cz0vJqWABsyDirLm1GBKeEr8/krcnc10X1YuK7oA=="
    },
    "node_modules/leaflet.locationfilter": {
      "version": "0.1.0",
      "resolved": "git+ssh://git@github.com/marcoqu/leaflet-locationfilter.git#df8e75dc24f120dcdee9c56145ee3507ae07a414",
      "license": "MIT"
    },
    "node_modules/leaflet.restoreview": {
      "version": "1.0.0",
      "resolved": "git+ssh://git@github.com/makinacorpus/Leaflet.RestoreView.git#9c99464d19d2f25e146326d86639ff37be9cd5a6",
      "license": "MIT"
    },
    "node_modules/minimist": {
      "version": "1.2.7",
      "resolved": "https://registry.npmjs.org/minimist/-/minimist-1.2.7.tgz",
      "integrity": "sha512-bzfL1YUZsP41gmu/qjrEk0Q6i2ix/cVeAhbCbqH9u3zYutS1cLg00qhrD0M2MVdCcx4Sc0UpP2eBWo9rotpq6g==",
      "funding": {
        "url": "https://github.com/sponsors/ljharb"
      }
    }
  },
  "dependencies": {
    "@fortawesome/fontawesome-free": {
      "version": "6.2.1",
      "resolved": "https://registry.npmjs.org/@fortawesome/fontawesome-free/-/fontawesome-free-6.2.1.tgz",
      "integrity": "sha512-viouXhegu/TjkvYQoiRZK3aax69dGXxgEjpvZW81wIJdxm5Fnvp3VVIP4VHKqX4SvFw6qpmkILkD4RJWAdrt7A=="
    },
    "@popperjs/core": {
      "version": "2.11.6",
      "resolved": "https://registry.npmjs.org/@popperjs/core/-/core-2.11.6.tgz",
      "integrity": "sha512-50/17A98tWUfQ176raKiOGXuYpLyyVMkxxG6oylzL3BPOlA6ADGdK7EYunSa4I064xerltq9TGXs8HmOk5E+vw==",
      "peer": true
    },
    "bootstrap": {
      "version": "5.2.3",
      "resolved": "https://registry.npmjs.org/bootstrap/-/bootstrap-5.2.3.tgz",
      "integrity": "sha512-cEKPM+fwb3cT8NzQZYEu4HilJ3anCrWqh3CHAok1p9jXqMPsPTBhU25fBckEJHJ/p+tTxTFTsFQGM+gaHpi3QQ==",
      "requires": {}
    },
    "fastsearch": {
      "version": "1.11.1",
      "resolved": "https://registry.npmjs.org/fastsearch/-/fastsearch-1.11.1.tgz",
      "integrity": "sha512-NGS3+5JC2dhmUy0c2R8mU+1Wfz8DBYZN7j5GRPy4tjp6T+raDSC6CyWgAa09vTcw0SGDRS9upnmmDh+Q/rH7nA==",
      "requires": {
        "jquery": ">=1.7"
      }
    },
    "fastselect": {
      "version": "0.7.3",
      "resolved": "https://registry.npmjs.org/fastselect/-/fastselect-0.7.3.tgz",
      "integrity": "sha512-wh3Ueor7IXLoSF/GB98/cydV9cnI8SEt2+5Md+3GFrdaXn9ZJMakrsiYoOu4SKzNtgSXxuEP5cupiQIKK+2Ldw==",
      "requires": {
        "fastsearch": "^1.11.1",
        "jquery": ">=1.7"
      }
    },
    "flag-icons": {
      "version": "6.6.6",
      "resolved": "https://registry.npmjs.org/flag-icons/-/flag-icons-6.6.6.tgz",
      "integrity": "sha512-4lHDKxldnQ7q617pf9Dx9nAetT+9zcMpUexbRrc9kjLw9KJgZ83zA5Dky3Vv7ZDzUjAiZ46x/cy5P0HnEnqA2A=="
    },
    "heatmap.js": {
      "version": "2.0.5",
      "resolved": "https://registry.npmjs.org/heatmap.js/-/heatmap.js-2.0.5.tgz",
      "integrity": "sha512-CG2gYFP5Cv9IQCXEg3ZRxnJDyAilhWnQlAuHYGuWVzv6mFtQelS1bR9iN80IyDmFECbFPbg6I0LR5uAFHgCthw=="
    },
    "jquery": {
      "version": "3.6.3",
      "resolved": "https://registry.npmjs.org/jquery/-/jquery-3.6.3.tgz",
      "integrity": "sha512-bZ5Sy3YzKo9Fyc8wH2iIQK4JImJ6R0GWI9kL1/k7Z91ZBNgkRXE6U0JfHIizZbort8ZunhSI3jw9I6253ahKfg=="
    },
    "leaflet": {
      "version": "1.9.3",
      "resolved": "https://registry.npmjs.org/leaflet/-/leaflet-1.9.3.tgz",
      "integrity": "sha512-iB2cR9vAkDOu5l3HAay2obcUHZ7xwUBBjph8+PGtmW/2lYhbLizWtG7nTeYht36WfOslixQF9D/uSIzhZgGMfQ=="
    },
    "leaflet-easybutton": {
      "version": "2.4.0",
      "resolved": "https://registry.npmjs.org/leaflet-easybutton/-/leaflet-easybutton-2.4.0.tgz",
      "integrity": "sha512-O+qsQq4zTF6ds8VClnytobTH/MKalctlPpiA8L+bNKHP14J3lgJpvEd/jSpq9mHTI6qOzRAvbQX6wS6qNwThvg==",
      "requires": {
        "leaflet": "^1.0.1"
      }
    },
    "leaflet-gpx": {
      "version": "1.7.0",
      "resolved": "https://registry.npmjs.org/leaflet-gpx/-/leaflet-gpx-1.7.0.tgz",
      "integrity": "sha512-5NS5WKfp5zaAHMB2KM6OUaIng+SZ3e/UHK2++ABl2wELojYlmLqIL8t1Mj6DaZGkIh3kld+mAUvMGdIzC1yGRA=="
    },
    "leaflet-heatmap": {
      "version": "1.0.0",
      "resolved": "https://registry.npmjs.org/leaflet-heatmap/-/leaflet-heatmap-1.0.0.tgz",
      "integrity": "sha512-WP/emZYwjWaEnWMcE2dftuJvtjp53zmJcHtVTHUqPN7AQEowHxDTLH5j1BJjE4uL1K5dJclBLX4oLpnOGS/qTw==",
      "requires": {
        "heatmap.js": "*",
        "leaflet": "*"
      }
    },
    "leaflet-loading": {
      "version": "0.1.24",
      "resolved": "https://registry.npmjs.org/leaflet-loading/-/leaflet-loading-0.1.24.tgz",
      "integrity": "sha512-svOFGs01hbjJpRVY6L6HpaQeLuHIFOmXtGARg3cUzH/lYu2xpRtkYScmDgsQa4vUw4qKS0XvZck0u1E/rRliQQ=="
    },
    "leaflet-providers": {
      "version": "1.13.0",
      "resolved": "https://registry.npmjs.org/leaflet-providers/-/leaflet-providers-1.13.0.tgz",
      "integrity": "sha512-f/sN5wdgBbVA2jcCYzScIfYNxKdn2wBJP9bu+5cRX9Xj6g8Bt1G9Sr8WgJAt/ckIFIc3LVVxCBNFpSCfTuUElg=="
    },
    "leaflet-search": {
      "version": "3.0.5",
      "resolved": "https://registry.npmjs.org/leaflet-search/-/leaflet-search-3.0.5.tgz",
      "integrity": "sha512-h31vNAm8+1H01o8DoEf5R2CbELaQJEv7KIyoWRr3IjSLHzhwra08WkiRSffJi5XYg1THd62csQ3jJ023lhhxGQ==",
      "requires": {
        "leaflet": "*"
      }
    },
    "leaflet.locatecontrol": {
      "version": "0.66.2",
      "resolved": "https://registry.npmjs.org/leaflet.locatecontrol/-/leaflet.locatecontrol-0.66.2.tgz",
      "integrity": "sha512-33xCfRydyjLfh9nGvf4kSTM0tA1EFFgM0z4uj75QkUwIc9cz0vJqWABsyDirLm1GBKeEr8/krcnc10X1YuK7oA=="
    },
    "leaflet.locationfilter": {
      "version": "git+ssh://git@github.com/marcoqu/leaflet-locationfilter.git#df8e75dc24f120dcdee9c56145ee3507ae07a414",
      "from": "leaflet.locationfilter@git+https://github.com/marcoqu/leaflet-locationfilter.git"
    },
    "leaflet.restoreview": {
      "version": "git+ssh://git@github.com/makinacorpus/Leaflet.RestoreView.git#9c99464d19d2f25e146326d86639ff37be9cd5a6",
      "from": "leaflet.restoreview@git+https://github.com/makinacorpus/Leaflet.RestoreView.git"
    },
    "minimist": {
      "version": "1.2.7",
      "resolved": "https://registry.npmjs.org/minimist/-/minimist-1.2.7.tgz",
      "integrity": "sha512-bzfL1YUZsP41gmu/qjrEk0Q6i2ix/cVeAhbCbqH9u3zYutS1cLg00qhrD0M2MVdCcx4Sc0UpP2eBWo9rotpq6g=="
    }
  }
}
